
Microsoft Visual Studio Solution File, Format Version 12.00
# Visual Studio Version 16
VisualStudioVersion = 16.0.31702.278
MinimumVisualStudioVersion = 10.0.40219.1
Project("{8BC9CEB8-8B4A-11D0-8D11-00A0C91BC942}") = "vigure", "vigure\vigure.vcxproj", "{F4568EAF-8811-472A-90A4-B12822DAB155}"
EndProject
Global
	GlobalSection(SolutionConfigurationPlatforms) = preSolution
		Debug|x64 = Debug|x64
		Debug|x86 = Debug|x86
		Release|x64 = Release|x64
		Release|x86 = Release|x86
	EndGlobalSection
	GlobalSection(ProjectConfigurationPlatforms) = postSolution
		{F4568EAF-8811-472A-90A4-B12822DAB155}.Debug|x64.ActiveCfg = Debug|x64
		{F4568EAF-8811-472A-90A4-B12822DAB155}.Debug|x64.Build.0 = Debug|x64
		{F4568EAF-8811-472A-90A4-B12822DAB155}.Debug|x86.ActiveCfg = Debug|Win32
		{F4568EAF-8811-472A-90A4-B12822DAB155}.Debug|x86.Build.0 = Debug|Win32
		{F4568EAF-8811-472A-90A4-B12822DAB155}.Release|x64.ActiveCfg = Release|x64
		{F4568EAF-8811-472A-90A4-B12822DAB155}.Release|x64.Build.0 = Release|x64
		{F4568EAF-8811-472A-90A4-B12822DAB155}.Release|x86.ActiveCfg = Release|Win32
		{F4568EAF-8811-472A-90A4-B12822DAB155}.Release|x86.Build.0 = Release|Win32
	EndGlobalSection
	GlobalSection(SolutionProperties) = preSolution
		HideSolutionNode = FALSE
	EndGlobalSection
	GlobalSection(ExtensibilityGlobals) = postSolution
		SolutionGuid = {8A8F29B8-C1B0-41F9-9E27-0C11AF2EADF2}
	EndGlobalSection
EndGlobal
